// !$*UTF8*$!
{
	archiveVersion = 1;
	classes = {
	};
	objectVersion = 56;
	objects = {

/* Begin PBXBuildFile section */
		181BD215292BD4DA00882713 /* RealworldSwiftUIApp.swift in Sources */ = {isa = PBXBuildFile; fileRef = 181BD214292BD4DA00882713 /* RealworldSwiftUIApp.swift */; };
		181BD217292BD4DA00882713 /* ContentView.swift in Sources */ = {isa = PBXBuildFile; fileRef = 181BD216292BD4DA00882713 /* ContentView.swift */; };
		181BD219292BD4DB00882713 /* Assets.xcassets in Resources */ = {isa = PBXBuildFile; fileRef = 181BD218292BD4DB00882713 /* Assets.xcassets */; };
		181BD21C292BD4DB00882713 /* Preview Assets.xcassets in Resources */ = {isa = PBXBuildFile; fileRef = 181BD21B292BD4DB00882713 /* Preview Assets.xcassets */; };
		181BD226292BD4DB00882713 /* RealworldSwiftUITests.swift in Sources */ = {isa = PBXBuildFile; fileRef = 181BD225292BD4DB00882713 /* RealworldSwiftUITests.swift */; };
		181BD230292BD4DB00882713 /* RealworldSwiftUIUITests.swift in Sources */ = {isa = PBXBuildFile; fileRef = 181BD22F292BD4DB00882713 /* RealworldSwiftUIUITests.swift */; };
		181BD232292BD4DB00882713 /* RealworldSwiftUIUITestsLaunchTests.swift in Sources */ = {isa = PBXBuildFile; fileRef = 181BD231292BD4DB00882713 /* RealworldSwiftUIUITestsLaunchTests.swift */; };
		181BD241292BD58600882713 /* TabScreen.swift in Sources */ = {isa = PBXBuildFile; fileRef = 181BD240292BD58600882713 /* TabScreen.swift */; };
		181BD245292BD8CD00882713 /* HomeScreen.swift in Sources */ = {isa = PBXBuildFile; fileRef = 181BD244292BD8CD00882713 /* HomeScreen.swift */; };
		181BD24A292BD8EB00882713 /* SearchScreen.swift in Sources */ = {isa = PBXBuildFile; fileRef = 181BD249292BD8EB00882713 /* SearchScreen.swift */; };
		181BD24C292BD8F200882713 /* BookmarksScreen.swift in Sources */ = {isa = PBXBuildFile; fileRef = 181BD24B292BD8F200882713 /* BookmarksScreen.swift */; };
		181BD24E292BD8F800882713 /* ProfileScreen.swift in Sources */ = {isa = PBXBuildFile; fileRef = 181BD24D292BD8F800882713 /* ProfileScreen.swift */; };
		181BD255292BFF4D00882713 /* ArticlesRepository.swift in Sources */ = {isa = PBXBuildFile; fileRef = 181BD254292BFF4D00882713 /* ArticlesRepository.swift */; };
		181BD257292C060300882713 /* Article.swift in Sources */ = {isa = PBXBuildFile; fileRef = 181BD256292C060300882713 /* Article.swift */; };
		181BD259292C086D00882713 /* NetworkClient.swift in Sources */ = {isa = PBXBuildFile; fileRef = 181BD258292C086D00882713 /* NetworkClient.swift */; };
		181BD25B292C31BB00882713 /* APIClient.swift in Sources */ = {isa = PBXBuildFile; fileRef = 181BD25A292C31BB00882713 /* APIClient.swift */; };
		181BD25E292C340500882713 /* HomeViewModel.swift in Sources */ = {isa = PBXBuildFile; fileRef = 181BD25D292C340500882713 /* HomeViewModel.swift */; };
		181BD260292C345F00882713 /* ArticleView.swift in Sources */ = {isa = PBXBuildFile; fileRef = 181BD25F292C345F00882713 /* ArticleView.swift */; };
		181BD262292C352900882713 /* Article+Convenience.swift in Sources */ = {isa = PBXBuildFile; fileRef = 181BD261292C352900882713 /* Article+Convenience.swift */; };
		181BD265292D0B3000882713 /* ArticleDetailScreen.swift in Sources */ = {isa = PBXBuildFile; fileRef = 181BD264292D0B3000882713 /* ArticleDetailScreen.swift */; };
/* End PBXBuildFile section */

/* Begin PBXContainerItemProxy section */
		181BD222292BD4DB00882713 /* PBXContainerItemProxy */ = {
			isa = PBXContainerItemProxy;
			containerPortal = 181BD209292BD4DA00882713 /* Project object */;
			proxyType = 1;
			remoteGlobalIDString = 181BD210292BD4DA00882713;
			remoteInfo = RealworldSwiftUI;
		};
		181BD22C292BD4DB00882713 /* PBXContainerItemProxy */ = {
			isa = PBXContainerItemProxy;
			containerPortal = 181BD209292BD4DA00882713 /* Project object */;
			proxyType = 1;
			remoteGlobalIDString = 181BD210292BD4DA00882713;
			remoteInfo = RealworldSwiftUI;
		};
/* End PBXContainerItemProxy section */

/* Begin PBXFileReference section */
		181BD211292BD4DA00882713 /* RealworldSwiftUI.app */ = {isa = PBXFileReference; explicitFileType = wrapper.application; includeInIndex = 0; path = RealworldSwiftUI.app; sourceTree = BUILT_PRODUCTS_DIR; };
		181BD214292BD4DA00882713 /* RealworldSwiftUIApp.swift */ = {isa = PBXFileReference; lastKnownFileType = sourcecode.swift; path = RealworldSwiftUIApp.swift; sourceTree = "<group>"; };
		181BD216292BD4DA00882713 /* ContentView.swift */ = {isa = PBXFileReference; lastKnownFileType = sourcecode.swift; path = ContentView.swift; sourceTree = "<group>"; };
		181BD218292BD4DB00882713 /* Assets.xcassets */ = {isa = PBXFileReference; lastKnownFileType = folder.assetcatalog; path = Assets.xcassets; sourceTree = "<group>"; };
		181BD21B292BD4DB00882713 /* Preview Assets.xcassets */ = {isa = PBXFileReference; lastKnownFileType = folder.assetcatalog; path = "Preview Assets.xcassets"; sourceTree = "<group>"; };
		181BD221292BD4DB00882713 /* RealworldSwiftUITests.xctest */ = {isa = PBXFileReference; explicitFileType = wrapper.cfbundle; includeInIndex = 0; path = RealworldSwiftUITests.xctest; sourceTree = BUILT_PRODUCTS_DIR; };
		181BD225292BD4DB00882713 /* RealworldSwiftUITests.swift */ = {isa = PBXFileReference; lastKnownFileType = sourcecode.swift; path = RealworldSwiftUITests.swift; sourceTree = "<group>"; };
		181BD22B292BD4DB00882713 /* RealworldSwiftUIUITests.xctest */ = {isa = PBXFileReference; explicitFileType = wrapper.cfbundle; includeInIndex = 0; path = RealworldSwiftUIUITests.xctest; sourceTree = BUILT_PRODUCTS_DIR; };
		181BD22F292BD4DB00882713 /* RealworldSwiftUIUITests.swift */ = {isa = PBXFileReference; lastKnownFileType = sourcecode.swift; path = RealworldSwiftUIUITests.swift; sourceTree = "<group>"; };
		181BD231292BD4DB00882713 /* RealworldSwiftUIUITestsLaunchTests.swift */ = {isa = PBXFileReference; lastKnownFileType = sourcecode.swift; path = RealworldSwiftUIUITestsLaunchTests.swift; sourceTree = "<group>"; };
		181BD240292BD58600882713 /* TabScreen.swift */ = {isa = PBXFileReference; lastKnownFileType = sourcecode.swift; path = TabScreen.swift; sourceTree = "<group>"; };
		181BD244292BD8CD00882713 /* HomeScreen.swift */ = {isa = PBXFileReference; lastKnownFileType = sourcecode.swift; path = HomeScreen.swift; sourceTree = "<group>"; };
		181BD249292BD8EB00882713 /* SearchScreen.swift */ = {isa = PBXFileReference; lastKnownFileType = sourcecode.swift; path = SearchScreen.swift; sourceTree = "<group>"; };
		181BD24B292BD8F200882713 /* BookmarksScreen.swift */ = {isa = PBXFileReference; lastKnownFileType = sourcecode.swift; path = BookmarksScreen.swift; sourceTree = "<group>"; };
		181BD24D292BD8F800882713 /* ProfileScreen.swift */ = {isa = PBXFileReference; lastKnownFileType = sourcecode.swift; path = ProfileScreen.swift; sourceTree = "<group>"; };
		181BD254292BFF4D00882713 /* ArticlesRepository.swift */ = {isa = PBXFileReference; lastKnownFileType = sourcecode.swift; path = ArticlesRepository.swift; sourceTree = "<group>"; };
		181BD256292C060300882713 /* Article.swift */ = {isa = PBXFileReference; lastKnownFileType = sourcecode.swift; path = Article.swift; sourceTree = "<group>"; };
		181BD258292C086D00882713 /* NetworkClient.swift */ = {isa = PBXFileReference; lastKnownFileType = sourcecode.swift; path = NetworkClient.swift; sourceTree = "<group>"; };
		181BD25A292C31BB00882713 /* APIClient.swift */ = {isa = PBXFileReference; lastKnownFileType = sourcecode.swift; path = APIClient.swift; sourceTree = "<group>"; };
		181BD25D292C340500882713 /* HomeViewModel.swift */ = {isa = PBXFileReference; lastKnownFileType = sourcecode.swift; path = HomeViewModel.swift; sourceTree = "<group>"; };
		181BD25F292C345F00882713 /* ArticleView.swift */ = {isa = PBXFileReference; lastKnownFileType = sourcecode.swift; path = ArticleView.swift; sourceTree = "<group>"; };
		181BD261292C352900882713 /* Article+Convenience.swift */ = {isa = PBXFileReference; lastKnownFileType = sourcecode.swift; path = "Article+Convenience.swift"; sourceTree = "<group>"; };
		181BD264292D0B3000882713 /* ArticleDetailScreen.swift */ = {isa = PBXFileReference; lastKnownFileType = sourcecode.swift; path = ArticleDetailScreen.swift; sourceTree = "<group>"; };
/* End PBXFileReference section */

/* Begin PBXFrameworksBuildPhase section */
		181BD20E292BD4DA00882713 /* Frameworks */ = {
			isa = PBXFrameworksBuildPhase;
			buildActionMask = 2147483647;
			files = (
			);
			runOnlyForDeploymentPostprocessing = 0;
		};
		181BD21E292BD4DB00882713 /* Frameworks */ = {
			isa = PBXFrameworksBuildPhase;
			buildActionMask = 2147483647;
			files = (
			);
			runOnlyForDeploymentPostprocessing = 0;
		};
		181BD228292BD4DB00882713 /* Frameworks */ = {
			isa = PBXFrameworksBuildPhase;
			buildActionMask = 2147483647;
			files = (
			);
			runOnlyForDeploymentPostprocessing = 0;
		};
/* End PBXFrameworksBuildPhase section */

/* Begin PBXGroup section */
		181BD208292BD4DA00882713 = {
			isa = PBXGroup;
			children = (
				181BD213292BD4DA00882713 /* RealworldSwiftUI */,
				181BD224292BD4DB00882713 /* RealworldSwiftUITests */,
				181BD22E292BD4DB00882713 /* RealworldSwiftUIUITests */,
				181BD212292BD4DA00882713 /* Products */,
			);
			sourceTree = "<group>";
		};
		181BD212292BD4DA00882713 /* Products */ = {
			isa = PBXGroup;
			children = (
				181BD211292BD4DA00882713 /* RealworldSwiftUI.app */,
				181BD221292BD4DB00882713 /* RealworldSwiftUITests.xctest */,
				181BD22B292BD4DB00882713 /* RealworldSwiftUIUITests.xctest */,
			);
			name = Products;
			sourceTree = "<group>";
		};
		181BD213292BD4DA00882713 /* RealworldSwiftUI */ = {
			isa = PBXGroup;
			children = (
				181BD251292BFF2C00882713 /* Data */,
				181BD250292BFF2900882713 /* Model */,
				181BD23E292BD56A00882713 /* UI */,
				181BD214292BD4DA00882713 /* RealworldSwiftUIApp.swift */,
				181BD216292BD4DA00882713 /* ContentView.swift */,
				181BD218292BD4DB00882713 /* Assets.xcassets */,
				181BD21A292BD4DB00882713 /* Preview Content */,
			);
			path = RealworldSwiftUI;
			sourceTree = "<group>";
		};
		181BD21A292BD4DB00882713 /* Preview Content */ = {
			isa = PBXGroup;
			children = (
				181BD21B292BD4DB00882713 /* Preview Assets.xcassets */,
			);
			path = "Preview Content";
			sourceTree = "<group>";
		};
		181BD224292BD4DB00882713 /* RealworldSwiftUITests */ = {
			isa = PBXGroup;
			children = (
				181BD225292BD4DB00882713 /* RealworldSwiftUITests.swift */,
			);
			path = RealworldSwiftUITests;
			sourceTree = "<group>";
		};
		181BD22E292BD4DB00882713 /* RealworldSwiftUIUITests */ = {
			isa = PBXGroup;
			children = (
				181BD22F292BD4DB00882713 /* RealworldSwiftUIUITests.swift */,
				181BD231292BD4DB00882713 /* RealworldSwiftUIUITestsLaunchTests.swift */,
			);
			path = RealworldSwiftUIUITests;
			sourceTree = "<group>";
		};
		181BD23E292BD56A00882713 /* UI */ = {
			isa = PBXGroup;
			children = (
				181BD23F292BD56E00882713 /* Initial */,
			);
			path = UI;
			sourceTree = "<group>";
		};
		181BD23F292BD56E00882713 /* Initial */ = {
			isa = PBXGroup;
			children = (
				181BD263292D0B2300882713 /* ArticleDetail */,
				181BD242292BD88800882713 /* Tabs */,
				181BD240292BD58600882713 /* TabScreen.swift */,
			);
			path = Initial;
			sourceTree = "<group>";
		};
		181BD242292BD88800882713 /* Tabs */ = {
			isa = PBXGroup;
			children = (
				181BD243292BD8B100882713 /* Home */,
				181BD246292BD8D400882713 /* Search */,
				181BD247292BD8D900882713 /* Bookmarks */,
				181BD248292BD8DE00882713 /* Profile */,
			);
			path = Tabs;
			sourceTree = "<group>";
		};
		181BD243292BD8B100882713 /* Home */ = {
			isa = PBXGroup;
			children = (
				181BD24F292BFF1C00882713 /* Views */,
				181BD244292BD8CD00882713 /* HomeScreen.swift */,
				181BD25D292C340500882713 /* HomeViewModel.swift */,
			);
			path = Home;
			sourceTree = "<group>";
		};
		181BD246292BD8D400882713 /* Search */ = {
			isa = PBXGroup;
			children = (
				181BD249292BD8EB00882713 /* SearchScreen.swift */,
			);
			path = Search;
			sourceTree = "<group>";
		};
		181BD247292BD8D900882713 /* Bookmarks */ = {
			isa = PBXGroup;
			children = (
				181BD24B292BD8F200882713 /* BookmarksScreen.swift */,
			);
			path = Bookmarks;
			sourceTree = "<group>";
		};
		181BD248292BD8DE00882713 /* Profile */ = {
			isa = PBXGroup;
			children = (
				181BD24D292BD8F800882713 /* ProfileScreen.swift */,
			);
			path = Profile;
			sourceTree = "<group>";
		};
		181BD24F292BFF1C00882713 /* Views */ = {
			isa = PBXGroup;
			children = (
				181BD25F292C345F00882713 /* ArticleView.swift */,
			);
			path = Views;
			sourceTree = "<group>";
		};
		181BD250292BFF2900882713 /* Model */ = {
			isa = PBXGroup;
			children = (
				181BD253292BFF4200882713 /* Entities */,
				181BD252292BFF3D00882713 /* Repositories */,
			);
			path = Model;
			sourceTree = "<group>";
		};
		181BD251292BFF2C00882713 /* Data */ = {
			isa = PBXGroup;
			children = (
				181BD258292C086D00882713 /* NetworkClient.swift */,
				181BD25A292C31BB00882713 /* APIClient.swift */,
			);
			path = Data;
			sourceTree = "<group>";
		};
		181BD252292BFF3D00882713 /* Repositories */ = {
			isa = PBXGroup;
			children = (
				181BD254292BFF4D00882713 /* ArticlesRepository.swift */,
			);
			path = Repositories;
			sourceTree = "<group>";
		};
		181BD253292BFF4200882713 /* Entities */ = {
			isa = PBXGroup;
			children = (
				181BD256292C060300882713 /* Article.swift */,
				181BD261292C352900882713 /* Article+Convenience.swift */,
			);
			path = Entities;
			sourceTree = "<group>";
		};
		181BD263292D0B2300882713 /* ArticleDetail */ = {
			isa = PBXGroup;
			children = (
				181BD264292D0B3000882713 /* ArticleDetailScreen.swift */,
			);
			path = ArticleDetail;
			sourceTree = "<group>";
		};
/* End PBXGroup section */

/* Begin PBXNativeTarget section */
		181BD210292BD4DA00882713 /* RealworldSwiftUI */ = {
			isa = PBXNativeTarget;
			buildConfigurationList = 181BD235292BD4DB00882713 /* Build configuration list for PBXNativeTarget "RealworldSwiftUI" */;
			buildPhases = (
				181BD20D292BD4DA00882713 /* Sources */,
				181BD20E292BD4DA00882713 /* Frameworks */,
				181BD20F292BD4DA00882713 /* Resources */,
			);
			buildRules = (
			);
			dependencies = (
			);
			name = RealworldSwiftUI;
			productName = RealworldSwiftUI;
			productReference = 181BD211292BD4DA00882713 /* RealworldSwiftUI.app */;
			productType = "com.apple.product-type.application";
		};
		181BD220292BD4DB00882713 /* RealworldSwiftUITests */ = {
			isa = PBXNativeTarget;
			buildConfigurationList = 181BD238292BD4DB00882713 /* Build configuration list for PBXNativeTarget "RealworldSwiftUITests" */;
			buildPhases = (
				181BD21D292BD4DB00882713 /* Sources */,
				181BD21E292BD4DB00882713 /* Frameworks */,
				181BD21F292BD4DB00882713 /* Resources */,
			);
			buildRules = (
			);
			dependencies = (
				181BD223292BD4DB00882713 /* PBXTargetDependency */,
			);
			name = RealworldSwiftUITests;
			productName = RealworldSwiftUITests;
			productReference = 181BD221292BD4DB00882713 /* RealworldSwiftUITests.xctest */;
			productType = "com.apple.product-type.bundle.unit-test";
		};
		181BD22A292BD4DB00882713 /* RealworldSwiftUIUITests */ = {
			isa = PBXNativeTarget;
			buildConfigurationList = 181BD23B292BD4DB00882713 /* Build configuration list for PBXNativeTarget "RealworldSwiftUIUITests" */;
			buildPhases = (
				181BD227292BD4DB00882713 /* Sources */,
				181BD228292BD4DB00882713 /* Frameworks */,
				181BD229292BD4DB00882713 /* Resources */,
			);
			buildRules = (
			);
			dependencies = (
				181BD22D292BD4DB00882713 /* PBXTargetDependency */,
			);
			name = RealworldSwiftUIUITests;
			productName = RealworldSwiftUIUITests;
			productReference = 181BD22B292BD4DB00882713 /* RealworldSwiftUIUITests.xctest */;
			productType = "com.apple.product-type.bundle.ui-testing";
		};
/* End PBXNativeTarget section */

/* Begin PBXProject section */
		181BD209292BD4DA00882713 /* Project object */ = {
			isa = PBXProject;
			attributes = {
				BuildIndependentTargetsInParallel = 1;
				LastSwiftUpdateCheck = 1400;
				LastUpgradeCheck = 1400;
				TargetAttributes = {
					181BD210292BD4DA00882713 = {
						CreatedOnToolsVersion = 14.0.1;
					};
					181BD220292BD4DB00882713 = {
						CreatedOnToolsVersion = 14.0.1;
						TestTargetID = 181BD210292BD4DA00882713;
					};
					181BD22A292BD4DB00882713 = {
						CreatedOnToolsVersion = 14.0.1;
						TestTargetID = 181BD210292BD4DA00882713;
					};
				};
			};
			buildConfigurationList = 181BD20C292BD4DA00882713 /* Build configuration list for PBXProject "RealworldSwiftUI" */;
			compatibilityVersion = "Xcode 14.0";
			developmentRegion = en;
			hasScannedForEncodings = 0;
			knownRegions = (
				en,
				Base,
			);
			mainGroup = 181BD208292BD4DA00882713;
			productRefGroup = 181BD212292BD4DA00882713 /* Products */;
			projectDirPath = "";
			projectRoot = "";
			targets = (
				181BD210292BD4DA00882713 /* RealworldSwiftUI */,
				181BD220292BD4DB00882713 /* RealworldSwiftUITests */,
				181BD22A292BD4DB00882713 /* RealworldSwiftUIUITests */,
			);
		};
/* End PBXProject section */

/* Begin PBXResourcesBuildPhase section */
		181BD20F292BD4DA00882713 /* Resources */ = {
			isa = PBXResourcesBuildPhase;
			buildActionMask = 2147483647;
			files = (
				181BD21C292BD4DB00882713 /* Preview Assets.xcassets in Resources */,
				181BD219292BD4DB00882713 /* Assets.xcassets in Resources */,
			);
			runOnlyForDeploymentPostprocessing = 0;
		};
		181BD21F292BD4DB00882713 /* Resources */ = {
			isa = PBXResourcesBuildPhase;
			buildActionMask = 2147483647;
			files = (
			);
			runOnlyForDeploymentPostprocessing = 0;
		};
		181BD229292BD4DB00882713 /* Resources */ = {
			isa = PBXResourcesBuildPhase;
			buildActionMask = 2147483647;
			files = (
			);
			runOnlyForDeploymentPostprocessing = 0;
		};
/* End PBXResourcesBuildPhase section */

/* Begin PBXSourcesBuildPhase section */
		181BD20D292BD4DA00882713 /* Sources */ = {
			isa = PBXSourcesBuildPhase;
			buildActionMask = 2147483647;
			files = (
				181BD245292BD8CD00882713 /* HomeScreen.swift in Sources */,
				181BD24E292BD8F800882713 /* ProfileScreen.swift in Sources */,
				181BD257292C060300882713 /* Article.swift in Sources */,
				181BD259292C086D00882713 /* NetworkClient.swift in Sources */,
				181BD255292BFF4D00882713 /* ArticlesRepository.swift in Sources */,
				181BD25B292C31BB00882713 /* APIClient.swift in Sources */,
				181BD24A292BD8EB00882713 /* SearchScreen.swift in Sources */,
				181BD25E292C340500882713 /* HomeViewModel.swift in Sources */,
				181BD265292D0B3000882713 /* ArticleDetailScreen.swift in Sources */,
				181BD217292BD4DA00882713 /* ContentView.swift in Sources */,
				181BD24C292BD8F200882713 /* BookmarksScreen.swift in Sources */,
				181BD262292C352900882713 /* Article+Convenience.swift in Sources */,
				181BD215292BD4DA00882713 /* RealworldSwiftUIApp.swift in Sources */,
				181BD260292C345F00882713 /* ArticleView.swift in Sources */,
				181BD241292BD58600882713 /* TabScreen.swift in Sources */,
			);
			runOnlyForDeploymentPostprocessing = 0;
		};
		181BD21D292BD4DB00882713 /* Sources */ = {
			isa = PBXSourcesBuildPhase;
			buildActionMask = 2147483647;
			files = (
				181BD226292BD4DB00882713 /* RealworldSwiftUITests.swift in Sources */,
			);
			runOnlyForDeploymentPostprocessing = 0;
		};
		181BD227292BD4DB00882713 /* Sources */ = {
			isa = PBXSourcesBuildPhase;
			buildActionMask = 2147483647;
			files = (
				181BD230292BD4DB00882713 /* RealworldSwiftUIUITests.swift in Sources */,
				181BD232292BD4DB00882713 /* RealworldSwiftUIUITestsLaunchTests.swift in Sources */,
			);
			runOnlyForDeploymentPostprocessing = 0;
		};
/* End PBXSourcesBuildPhase section */

/* Begin PBXTargetDependency section */
		181BD223292BD4DB00882713 /* PBXTargetDependency */ = {
			isa = PBXTargetDependency;
			target = 181BD210292BD4DA00882713 /* RealworldSwiftUI */;
			targetProxy = 181BD222292BD4DB00882713 /* PBXContainerItemProxy */;
		};
		181BD22D292BD4DB00882713 /* PBXTargetDependency */ = {
			isa = PBXTargetDependency;
			target = 181BD210292BD4DA00882713 /* RealworldSwiftUI */;
			targetProxy = 181BD22C292BD4DB00882713 /* PBXContainerItemProxy */;
		};
/* End PBXTargetDependency section */

/* Begin XCBuildConfiguration section */
		181BD233292BD4DB00882713 /* Debug */ = {
			isa = XCBuildConfiguration;
			buildSettings = {
				ALWAYS_SEARCH_USER_PATHS = NO;
				CLANG_ANALYZER_NONNULL = YES;
				CLANG_ANALYZER_NUMBER_OBJECT_CONVERSION = YES_AGGRESSIVE;
				CLANG_CXX_LANGUAGE_STANDARD = "gnu++20";
				CLANG_ENABLE_MODULES = YES;
				CLANG_ENABLE_OBJC_ARC = YES;
				CLANG_ENABLE_OBJC_WEAK = YES;
				CLANG_WARN_BLOCK_CAPTURE_AUTORELEASING = YES;
				CLANG_WARN_BOOL_CONVERSION = YES;
				CLANG_WARN_COMMA = YES;
				CLANG_WARN_CONSTANT_CONVERSION = YES;
				CLANG_WARN_DEPRECATED_OBJC_IMPLEMENTATIONS = YES;
				CLANG_WARN_DIRECT_OBJC_ISA_USAGE = YES_ERROR;
				CLANG_WARN_DOCUMENTATION_COMMENTS = YES;
				CLANG_WARN_EMPTY_BODY = YES;
				CLANG_WARN_ENUM_CONVERSION = YES;
				CLANG_WARN_INFINITE_RECURSION = YES;
				CLANG_WARN_INT_CONVERSION = YES;
				CLANG_WARN_NON_LITERAL_NULL_CONVERSION = YES;
				CLANG_WARN_OBJC_IMPLICIT_RETAIN_SELF = YES;
				CLANG_WARN_OBJC_LITERAL_CONVERSION = YES;
				CLANG_WARN_OBJC_ROOT_CLASS = YES_ERROR;
				CLANG_WARN_QUOTED_INCLUDE_IN_FRAMEWORK_HEADER = YES;
				CLANG_WARN_RANGE_LOOP_ANALYSIS = YES;
				CLANG_WARN_STRICT_PROTOTYPES = YES;
				CLANG_WARN_SUSPICIOUS_MOVE = YES;
				CLANG_WARN_UNGUARDED_AVAILABILITY = YES_AGGRESSIVE;
				CLANG_WARN_UNREACHABLE_CODE = YES;
				CLANG_WARN__DUPLICATE_METHOD_MATCH = YES;
				COPY_PHASE_STRIP = NO;
				DEBUG_INFORMATION_FORMAT = dwarf;
				ENABLE_STRICT_OBJC_MSGSEND = YES;
				ENABLE_TESTABILITY = YES;
				GCC_C_LANGUAGE_STANDARD = gnu11;
				GCC_DYNAMIC_NO_PIC = NO;
				GCC_NO_COMMON_BLOCKS = YES;
				GCC_OPTIMIZATION_LEVEL = 0;
				GCC_PREPROCESSOR_DEFINITIONS = (
					"DEBUG=1",
					"$(inherited)",
				);
				GCC_WARN_64_TO_32_BIT_CONVERSION = YES;
				GCC_WARN_ABOUT_RETURN_TYPE = YES_ERROR;
				GCC_WARN_UNDECLARED_SELECTOR = YES;
				GCC_WARN_UNINITIALIZED_AUTOS = YES_AGGRESSIVE;
				GCC_WARN_UNUSED_FUNCTION = YES;
				GCC_WARN_UNUSED_VARIABLE = YES;
				IPHONEOS_DEPLOYMENT_TARGET = 16.0;
				MTL_ENABLE_DEBUG_INFO = INCLUDE_SOURCE;
				MTL_FAST_MATH = YES;
				ONLY_ACTIVE_ARCH = YES;
				SDKROOT = iphoneos;
				SWIFT_ACTIVE_COMPILATION_CONDITIONS = DEBUG;
				SWIFT_OPTIMIZATION_LEVEL = "-Onone";
			};
			name = Debug;
		};
		181BD234292BD4DB00882713 /* Release */ = {
			isa = XCBuildConfiguration;
			buildSettings = {
				ALWAYS_SEARCH_USER_PATHS = NO;
				CLANG_ANALYZER_NONNULL = YES;
				CLANG_ANALYZER_NUMBER_OBJECT_CONVERSION = YES_AGGRESSIVE;
				CLANG_CXX_LANGUAGE_STANDARD = "gnu++20";
				CLANG_ENABLE_MODULES = YES;
				CLANG_ENABLE_OBJC_ARC = YES;
				CLANG_ENABLE_OBJC_WEAK = YES;
				CLANG_WARN_BLOCK_CAPTURE_AUTORELEASING = YES;
				CLANG_WARN_BOOL_CONVERSION = YES;
				CLANG_WARN_COMMA = YES;
				CLANG_WARN_CONSTANT_CONVERSION = YES;
				CLANG_WARN_DEPRECATED_OBJC_IMPLEMENTATIONS = YES;
				CLANG_WARN_DIRECT_OBJC_ISA_USAGE = YES_ERROR;
				CLANG_WARN_DOCUMENTATION_COMMENTS = YES;
				CLANG_WARN_EMPTY_BODY = YES;
				CLANG_WARN_ENUM_CONVERSION = YES;
				CLANG_WARN_INFINITE_RECURSION = YES;
				CLANG_WARN_INT_CONVERSION = YES;
				CLANG_WARN_NON_LITERAL_NULL_CONVERSION = YES;
				CLANG_WARN_OBJC_IMPLICIT_RETAIN_SELF = YES;
				CLANG_WARN_OBJC_LITERAL_CONVERSION = YES;
				CLANG_WARN_OBJC_ROOT_CLASS = YES_ERROR;
				CLANG_WARN_QUOTED_INCLUDE_IN_FRAMEWORK_HEADER = YES;
				CLANG_WARN_RANGE_LOOP_ANALYSIS = YES;
				CLANG_WARN_STRICT_PROTOTYPES = YES;
				CLANG_WARN_SUSPICIOUS_MOVE = YES;
				CLANG_WARN_UNGUARDED_AVAILABILITY = YES_AGGRESSIVE;
				CLANG_WARN_UNREACHABLE_CODE = YES;
				CLANG_WARN__DUPLICATE_METHOD_MATCH = YES;
				COPY_PHASE_STRIP = NO;
				DEBUG_INFORMATION_FORMAT = "dwarf-with-dsym";
				ENABLE_NS_ASSERTIONS = NO;
				ENABLE_STRICT_OBJC_MSGSEND = YES;
				GCC_C_LANGUAGE_STANDARD = gnu11;
				GCC_NO_COMMON_BLOCKS = YES;
				GCC_WARN_64_TO_32_BIT_CONVERSION = YES;
				GCC_WARN_ABOUT_RETURN_TYPE = YES_ERROR;
				GCC_WARN_UNDECLARED_SELECTOR = YES;
				GCC_WARN_UNINITIALIZED_AUTOS = YES_AGGRESSIVE;
				GCC_WARN_UNUSED_FUNCTION = YES;
				GCC_WARN_UNUSED_VARIABLE = YES;
				IPHONEOS_DEPLOYMENT_TARGET = 16.0;
				MTL_ENABLE_DEBUG_INFO = NO;
				MTL_FAST_MATH = YES;
				SDKROOT = iphoneos;
				SWIFT_COMPILATION_MODE = wholemodule;
				SWIFT_OPTIMIZATION_LEVEL = "-O";
				VALIDATE_PRODUCT = YES;
			};
			name = Release;
		};
		181BD236292BD4DB00882713 /* Debug */ = {
			isa = XCBuildConfiguration;
			buildSettings = {
				ASSETCATALOG_COMPILER_APPICON_NAME = AppIcon;
				ASSETCATALOG_COMPILER_GLOBAL_ACCENT_COLOR_NAME = AccentColor;
				CODE_SIGN_STYLE = Automatic;
				CURRENT_PROJECT_VERSION = 1;
				DEVELOPMENT_ASSET_PATHS = "\"RealworldSwiftUI/Preview Content\"";
				DEVELOPMENT_TEAM = G6EQB4FDGD;
				ENABLE_PREVIEWS = YES;
				GENERATE_INFOPLIST_FILE = YES;
				INFOPLIST_KEY_UIApplicationSceneManifest_Generation = YES;
				INFOPLIST_KEY_UIApplicationSupportsIndirectInputEvents = YES;
				INFOPLIST_KEY_UILaunchScreen_Generation = YES;
				INFOPLIST_KEY_UISupportedInterfaceOrientations_iPad = "UIInterfaceOrientationPortrait UIInterfaceOrientationPortraitUpsideDown UIInterfaceOrientationLandscapeLeft UIInterfaceOrientationLandscapeRight";
				INFOPLIST_KEY_UISupportedInterfaceOrientations_iPhone = "UIInterfaceOrientationPortrait UIInterfaceOrientationLandscapeLeft UIInterfaceOrientationLandscapeRight";
				LD_RUNPATH_SEARCH_PATHS = (
					"$(inherited)",
					"@executable_path/Frameworks",
				);
				MARKETING_VERSION = 1.0;
				PRODUCT_BUNDLE_IDENTIFIER = com.verypossible.RealworldSwiftUI;
				PRODUCT_NAME = "$(TARGET_NAME)";
				SWIFT_EMIT_LOC_STRINGS = YES;
				SWIFT_VERSION = 5.0;
				TARGETED_DEVICE_FAMILY = "1,2";
			};
			name = Debug;
		};
		181BD237292BD4DB00882713 /* Release */ = {
			isa = XCBuildConfiguration;
			buildSettings = {
				ASSETCATALOG_COMPILER_APPICON_NAME = AppIcon;
				ASSETCATALOG_COMPILER_GLOBAL_ACCENT_COLOR_NAME = AccentColor;
				CODE_SIGN_STYLE = Automatic;
				CURRENT_PROJECT_VERSION = 1;
				DEVELOPMENT_ASSET_PATHS = "\"RealworldSwiftUI/Preview Content\"";
				DEVELOPMENT_TEAM = G6EQB4FDGD;
				ENABLE_PREVIEWS = YES;
				GENERATE_INFOPLIST_FILE = YES;
				INFOPLIST_KEY_UIApplicationSceneManifest_Generation = YES;
				INFOPLIST_KEY_UIApplicationSupportsIndirectInputEvents = YES;
				INFOPLIST_KEY_UILaunchScreen_Generation = YES;
				INFOPLIST_KEY_UISupportedInterfaceOrientations_iPad = "UIInterfaceOrientationPortrait UIInterfaceOrientationPortraitUpsideDown UIInterfaceOrientationLandscapeLeft UIInterfaceOrientationLandscapeRight";
				INFOPLIST_KEY_UISupportedInterfaceOrientations_iPhone = "UIInterfaceOrientationPortrait UIInterfaceOrientationLandscapeLeft UIInterfaceOrientationLandscapeRight";
				LD_RUNPATH_SEARCH_PATHS = (
					"$(inherited)",
					"@executable_path/Frameworks",
				);
				MARKETING_VERSION = 1.0;
				PRODUCT_BUNDLE_IDENTIFIER = com.verypossible.RealworldSwiftUI;
				PRODUCT_NAME = "$(TARGET_NAME)";
				SWIFT_EMIT_LOC_STRINGS = YES;
				SWIFT_VERSION = 5.0;
				TARGETED_DEVICE_FAMILY = "1,2";
			};
			name = Release;
		};
		181BD239292BD4DB00882713 /* Debug */ = {
			isa = XCBuildConfiguration;
			buildSettings = {
				ALWAYS_EMBED_SWIFT_STANDARD_LIBRARIES = YES;
				BUNDLE_LOADER = "$(TEST_HOST)";
				CODE_SIGN_STYLE = Automatic;
				CURRENT_PROJECT_VERSION = 1;
				DEVELOPMENT_TEAM = G6EQB4FDGD;
				GENERATE_INFOPLIST_FILE = YES;
				IPHONEOS_DEPLOYMENT_TARGET = 16.0;
				MARKETING_VERSION = 1.0;
				PRODUCT_BUNDLE_IDENTIFIER = com.verypossible.RealworldSwiftUITests;
				PRODUCT_NAME = "$(TARGET_NAME)";
				SWIFT_EMIT_LOC_STRINGS = NO;
				SWIFT_VERSION = 5.0;
				TARGETED_DEVICE_FAMILY = "1,2";
				TEST_HOST = "$(BUILT_PRODUCTS_DIR)/RealworldSwiftUI.app/$(BUNDLE_EXECUTABLE_FOLDER_PATH)/RealworldSwiftUI";
			};
			name = Debug;
		};
		181BD23A292BD4DB00882713 /* Release */ = {
			isa = XCBuildConfiguration;
			buildSettings = {
				ALWAYS_EMBED_SWIFT_STANDARD_LIBRARIES = YES;
				BUNDLE_LOADER = "$(TEST_HOST)";
				CODE_SIGN_STYLE = Automatic;
				CURRENT_PROJECT_VERSION = 1;
				DEVELOPMENT_TEAM = G6EQB4FDGD;
				GENERATE_INFOPLIST_FILE = YES;
				IPHONEOS_DEPLOYMENT_TARGET = 16.0;
				MARKETING_VERSION = 1.0;
				PRODUCT_BUNDLE_IDENTIFIER = com.verypossible.RealworldSwiftUITests;
				PRODUCT_NAME = "$(TARGET_NAME)";
				SWIFT_EMIT_LOC_STRINGS = NO;
				SWIFT_VERSION = 5.0;
				TARGETED_DEVICE_FAMILY = "1,2";
				TEST_HOST = "$(BUILT_PRODUCTS_DIR)/RealworldSwiftUI.app/$(BUNDLE_EXECUTABLE_FOLDER_PATH)/RealworldSwiftUI";
			};
			name = Release;
		};
		181BD23C292BD4DB00882713 /* Debug */ = {
			isa = XCBuildConfiguration;
			buildSettings = {
				ALWAYS_EMBED_SWIFT_STANDARD_LIBRARIES = YES;
				CODE_SIGN_STYLE = Automatic;
				CURRENT_PROJECT_VERSION = 1;
				DEVELOPMENT_TEAM = G6EQB4FDGD;
				GENERATE_INFOPLIST_FILE = YES;
				MARKETING_VERSION = 1.0;
				PRODUCT_BUNDLE_IDENTIFIER = com.verypossible.RealworldSwiftUIUITests;
				PRODUCT_NAME = "$(TARGET_NAME)";
				SWIFT_EMIT_LOC_STRINGS = NO;
				SWIFT_VERSION = 5.0;
				TARGETED_DEVICE_FAMILY = "1,2";
				TEST_TARGET_NAME = RealworldSwiftUI;
			};
			name = Debug;
		};
		181BD23D292BD4DB00882713 /* Release */ = {
			isa = XCBuildConfiguration;
			buildSettings = {
				ALWAYS_EMBED_SWIFT_STANDARD_LIBRARIES = YES;
				CODE_SIGN_STYLE = Automatic;
				CURRENT_PROJECT_VERSION = 1;
				DEVELOPMENT_TEAM = G6EQB4FDGD;
				GENERATE_INFOPLIST_FILE = YES;
				MARKETING_VERSION = 1.0;
				PRODUCT_BUNDLE_IDENTIFIER = com.verypossible.RealworldSwiftUIUITests;
				PRODUCT_NAME = "$(TARGET_NAME)";
				SWIFT_EMIT_LOC_STRINGS = NO;
				SWIFT_VERSION = 5.0;
				TARGETED_DEVICE_FAMILY = "1,2";
				TEST_TARGET_NAME = RealworldSwiftUI;
			};
			name = Release;
		};
/* End XCBuildConfiguration section */

/* Begin XCConfigurationList section */
		181BD20C292BD4DA00882713 /* Build configuration list for PBXProject "RealworldSwiftUI" */ = {
			isa = XCConfigurationList;
			buildConfigurations = (
				181BD233292BD4DB00882713 /* Debug */,
				181BD234292BD4DB00882713 /* Release */,
			);
			defaultConfigurationIsVisible = 0;
			defaultConfigurationName = Release;
		};
		181BD235292BD4DB00882713 /* Build configuration list for PBXNativeTarget "RealworldSwiftUI" */ = {
			isa = XCConfigurationList;
			buildConfigurations = (
				181BD236292BD4DB00882713 /* Debug */,
				181BD237292BD4DB00882713 /* Release */,
			);
			defaultConfigurationIsVisible = 0;
			defaultConfigurationName = Release;
		};
		181BD238292BD4DB00882713 /* Build configuration list for PBXNativeTarget "RealworldSwiftUITests" */ = {
			isa = XCConfigurationList;
			buildConfigurations = (
				181BD239292BD4DB00882713 /* Debug */,
				181BD23A292BD4DB00882713 /* Release */,
			);
			defaultConfigurationIsVisible = 0;
			defaultConfigurationName = Release;
		};
		181BD23B292BD4DB00882713 /* Build configuration list for PBXNativeTarget "RealworldSwiftUIUITests" */ = {
			isa = XCConfigurationList;
			buildConfigurations = (
				181BD23C292BD4DB00882713 /* Debug */,
				181BD23D292BD4DB00882713 /* Release */,
			);
			defaultConfigurationIsVisible = 0;
			defaultConfigurationName = Release;
		};
/* End XCConfigurationList section */
	};
	rootObject = 181BD209292BD4DA00882713 /* Project object */;
}
